{
  "version": "5",
  "specifiers": {
    "jsr:@db/sqlite@~0.11.1": "0.11.1",
    "jsr:@denosaurs/plug@1": "1.1.0",
    "jsr:@nobody/cached-property@~0.2.3": "0.2.4",
    "jsr:@std/assert@0.217": "0.217.0",
    "jsr:@std/assert@^1.0.16": "1.0.19",
    "jsr:@std/datetime@~0.224.3": "0.224.5",
    "jsr:@std/encoding@1": "1.0.10",
    "jsr:@std/fmt@1": "1.0.10",
    "jsr:@std/fs@1": "1.0.24",
    "jsr:@std/internal@^1.0.12": "1.0.14",
    "jsr:@std/internal@^1.0.14": "1.0.14",
    "jsr:@std/path@0.217": "0.217.0",
    "jsr:@std/path@1": "1.1.5",
    "jsr:@std/path@^1.1.5": "1.1.5",
    "jsr:@zip-js/zip-js@^2.7.47": "2.8.26"
  },
  "jsr": {
    "@db/sqlite@0.11.1": {
      "integrity": "546434e7ed762db07e6ade0f963540dd5e06723b802937bf260ff855b21ef9c5",
      "dependencies": [
        "jsr:@denosaurs/plug",
        "jsr:@std/path@0.217"
      ]
    },
    "@denosaurs/plug@1.1.0": {
      "integrity": "eb2f0b7546c7bca2000d8b0282c54d50d91cf6d75cb26a80df25a6de8c4bc044",
      "dependencies": [
        "jsr:@std/encoding",
        "jsr:@std/fmt",
        "jsr:@std/fs",
        "jsr:@std/path@1"
      ]
    },
    "@nobody/cached-property@0.2.4": {
      "integrity": "3bf2e9569f769ff5a8a6ac89560722497bc9565a25d4966cb54bb231c728fe76"
    },
    "@std/assert@0.217.0": {
      "integrity": "c98e279362ca6982d5285c3b89517b757c1e3477ee9f14eb2fdf80a45aaa9642"
    },
    "@std/assert@1.0.19": {
      "integrity": "eaada96ee120cb980bc47e040f82814d786fe8162ecc53c91d8df60b8755991e",
      "dependencies": [
        "jsr:@std/internal@^1.0.12"
      ]
    },
    "@std/datetime@0.224.5": {
      "integrity": "363fca6e2e46c1e85139c10ba77745d25c0936abd112b8bfdc9b8fc3615added"
    },
    "@std/encoding@1.0.10": {
      "integrity": "8783c6384a2d13abd5e9e87a7ae0520a30e9f56aeeaa3bdf910a3eaaf5c811a1"
    },
    "@std/fmt@1.0.10": {
      "integrity": "90dfba288802ac6de82fb31d0917eb9e4450b9925b954d5e51fc29ac07419db5"
    },
    "@std/fs@1.0.24": {
      "integrity": "f3061b45b81673a2bece689da041df32d174be064c89eb6397fb5718d3fb7877",
      "dependencies": [
        "jsr:@std/internal@^1.0.14",
        "jsr:@std/path@^1.1.5"
      ]
    },
    "@std/internal@1.0.14": {
      "integrity": "291516b3d4c35024d6ffbc0a9df5bf4c64116e05b50012cf846710152d2ffdf7"
    },
    "@std/path@0.217.0": {
      "integrity": "1217cc25534bca9a2f672d7fe7c6f356e4027df400c0e85c0ef3e4343bc67d11",
      "dependencies": [
        "jsr:@std/assert@0.217"
      ]
    },
    "@std/path@1.1.5": {
      "integrity": "ccea00982ea28c36becaf6e62f855406c76a8c32d462f66f415bbb7d83a271bc",
      "dependencies": [
        "jsr:@std/internal@^1.0.14"
      ]
    },
    "@zip-js/zip-js@2.8.26": {
      "integrity": "2b78bfa2c5d43766c9a487fc0274981d45732de41bb5b82433d29d235be67191"
    }
  },
  "workspace": {
    "dependencies": [
      "jsr:@db/sqlite@~0.11.1",
      "jsr:@nobody/cached-property@~0.2.3",
      "jsr:@std/assert@^1.0.16",
      "jsr:@std/datetime@~0.224.3",
      "jsr:@std/path@^1.1.5",
      "jsr:@zip-js/zip-js@^2.7.47"
    ]
  }
}
